
Microsoft Visual Studio Solution File, Format Version 12.00
# Visual Studio 2012
Project("{8BC9CEB8-8B4A-11D0-8D11-00A0C91BC942}") = "Freeway", "Freeway.vcxproj", "{9D136AC7-F7DD-497C-8162-429B688A34FF}"
EndProject
Global
	GlobalSection(SolutionConfigurationPlatforms) = preSolution
		Debug|Win32 = Debug|Win32
		Release|Win32 = Release|Win32
	EndGlobalSection
	GlobalSection(ProjectConfigurationPlatforms) = postSolution
		{9D136AC7-F7DD-497C-8162-429B688A34FF}.Debug|Win32.ActiveCfg = Debug|Win32
		{9D136AC7-F7DD-497C-8162-429B688A34FF}.Debug|Win32.Build.0 = Debug|Win32
		{9D136AC7-F7DD-497C-8162-429B688A34FF}.Release|Win32.ActiveCfg = Release|Win32
		{9D136AC7-F7DD-497C-8162-429B688A34FF}.Release|Win32.Build.0 = Release|Win32
	EndGlobalSection
	GlobalSection(SolutionProperties) = preSolution
		HideSolutionNode = FALSE
	EndGlobalSection
EndGlobal
